// !$*UTF8*$!
{
	archiveVersion = 1;
	classes = {
	};
	objectVersion = 56;
	objects = {

/* Begin PBXBuildFile section */
		D8ADF8F72965DFB10034408F /* AppDelegate.swift in Sources */ = {isa = PBXBuildFile; fileRef = D8ADF8F62965DFB10034408F /* AppDelegate.swift */; };
		D8ADF8F92965DFB10034408F /* SceneDelegate.swift in Sources */ = {isa = PBXBuildFile; fileRef = D8ADF8F82965DFB10034408F /* SceneDelegate.swift */; };
		D8ADF8FB2965DFB10034408F /* ViewController.swift in Sources */ = {isa = PBXBuildFile; fileRef = D8ADF8FA2965DFB10034408F /* ViewController.swift */; };
		D8ADF8FE2965DFB10034408F /* Main.storyboard in Resources */ = {isa = PBXBuildFile; fileRef = D8ADF8FC2965DFB10034408F /* Main.storyboard */; };
		D8ADF9002965DFB30034408F /* Assets.xcassets in Resources */ = {isa = PBXBuildFile; fileRef = D8ADF8FF2965DFB30034408F /* Assets.xcassets */; };
		D8ADF9032965DFB30034408F /* LaunchScreen.storyboard in Resources */ = {isa = PBXBuildFile; fileRef = D8ADF9012965DFB30034408F /* LaunchScreen.storyboard */; };
		D8ADF90E2965DFB30034408F /* APIBitCoinTests.swift in Sources */ = {isa = PBXBuildFile; fileRef = D8ADF90D2965DFB30034408F /* APIBitCoinTests.swift */; };
		D8ADF9182965DFB30034408F /* APIBitCoinUITests.swift in Sources */ = {isa = PBXBuildFile; fileRef = D8ADF9172965DFB30034408F /* APIBitCoinUITests.swift */; };
		D8ADF91A2965DFB30034408F /* APIBitCoinUITestsLaunchTests.swift in Sources */ = {isa = PBXBuildFile; fileRef = D8ADF9192965DFB30034408F /* APIBitCoinUITestsLaunchTests.swift */; };
		D8ADF9272965EE5E0034408F /* bitcoin.png in Resources */ = {isa = PBXBuildFile; fileRef = D8ADF9262965EE5E0034408F /* bitcoin.png */; };
/* End PBXBuildFile section */

/* Begin PBXContainerItemProxy section */
		D8ADF90A2965DFB30034408F /* PBXContainerItemProxy */ = {
			isa = PBXContainerItemProxy;
			containerPortal = D8ADF8EB2965DFB10034408F /* Project object */;
			proxyType = 1;
			remoteGlobalIDString = D8ADF8F22965DFB10034408F;
			remoteInfo = APIBitCoin;
		};
		D8ADF9142965DFB30034408F /* PBXContainerItemProxy */ = {
			isa = PBXContainerItemProxy;
			containerPortal = D8ADF8EB2965DFB10034408F /* Project object */;
			proxyType = 1;
			remoteGlobalIDString = D8ADF8F22965DFB10034408F;
			remoteInfo = APIBitCoin;
		};
/* End PBXContainerItemProxy section */

/* Begin PBXFileReference section */
		D8ADF8F32965DFB10034408F /* APIBitCoin.app */ = {isa = PBXFileReference; explicitFileType = wrapper.application; includeInIndex = 0; path = APIBitCoin.app; sourceTree = BUILT_PRODUCTS_DIR; };
		D8ADF8F62965DFB10034408F /* AppDelegate.swift */ = {isa = PBXFileReference; lastKnownFileType = sourcecode.swift; path = AppDelegate.swift; sourceTree = "<group>"; };
		D8ADF8F82965DFB10034408F /* SceneDelegate.swift */ = {isa = PBXFileReference; lastKnownFileType = sourcecode.swift; path = SceneDelegate.swift; sourceTree = "<group>"; };
		D8ADF8FA2965DFB10034408F /* ViewController.swift */ = {isa = PBXFileReference; lastKnownFileType = sourcecode.swift; path = ViewController.swift; sourceTree = "<group>"; };
		D8ADF8FD2965DFB10034408F /* Base */ = {isa = PBXFileReference; lastKnownFileType = file.storyboard; name = Base; path = Base.lproj/Main.storyboard; sourceTree = "<group>"; };
		D8ADF8FF2965DFB30034408F /* Assets.xcassets */ = {isa = PBXFileReference; lastKnownFileType = folder.assetcatalog; path = Assets.xcassets; sourceTree = "<group>"; };
		D8ADF9022965DFB30034408F /* Base */ = {isa = PBXFileReference; lastKnownFileType = file.storyboard; name = Base; path = Base.lproj/LaunchScreen.storyboard; sourceTree = "<group>"; };
		D8ADF9042965DFB30034408F /* Info.plist */ = {isa = PBXFileReference; lastKnownFileType = text.plist.xml; path = Info.plist; sourceTree = "<group>"; };
		D8ADF9092965DFB30034408F /* APIBitCoinTests.xctest */ = {isa = PBXFileReference; explicitFileType = wrapper.cfbundle; includeInIndex = 0; path = APIBitCoinTests.xctest; sourceTree = BUILT_PRODUCTS_DIR; };
		D8ADF90D2965DFB30034408F /* APIBitCoinTests.swift */ = {isa = PBXFileReference; lastKnownFileType = sourcecode.swift; path = APIBitCoinTests.swift; sourceTree = "<group>"; };
		D8ADF9132965DFB30034408F /* APIBitCoinUITests.xctest */ = {isa = PBXFileReference; explicitFileType = wrapper.cfbundle; includeInIndex = 0; path = APIBitCoinUITests.xctest; sourceTree = BUILT_PRODUCTS_DIR; };
		D8ADF9172965DFB30034408F /* APIBitCoinUITests.swift */ = {isa = PBXFileReference; lastKnownFileType = sourcecode.swift; path = APIBitCoinUITests.swift; sourceTree = "<group>"; };
		D8ADF9192965DFB30034408F /* APIBitCoinUITestsLaunchTests.swift */ = {isa = PBXFileReference; lastKnownFileType = sourcecode.swift; path = APIBitCoinUITestsLaunchTests.swift; sourceTree = "<group>"; };
		D8ADF9262965EE5E0034408F /* bitcoin.png */ = {isa = PBXFileReference; lastKnownFileType = image.png; path = bitcoin.png; sourceTree = "<group>"; };
/* End PBXFileReference section */

/* Begin PBXFrameworksBuildPhase section */
		D8ADF8F02965DFB10034408F /* Frameworks */ = {
			isa = PBXFrameworksBuildPhase;
			buildActionMask = 2147483647;
			files = (
			);
			runOnlyForDeploymentPostprocessing = 0;
		};
		D8ADF9062965DFB30034408F /* Frameworks */ = {
			isa = PBXFrameworksBuildPhase;
			buildActionMask = 2147483647;
			files = (
			);
			runOnlyForDeploymentPostprocessing = 0;
		};
		D8ADF9102965DFB30034408F /* Frameworks */ = {
			isa = PBXFrameworksBuildPhase;
			buildActionMask = 2147483647;
			files = (
			);
			runOnlyForDeploymentPostprocessing = 0;
		};
/* End PBXFrameworksBuildPhase section */

/* Begin PBXGroup section */
		D8ADF8EA2965DFB10034408F = {
			isa = PBXGroup;
			children = (
				D8ADF8F52965DFB10034408F /* APIBitCoin */,
				D8ADF90C2965DFB30034408F /* APIBitCoinTests */,
				D8ADF9162965DFB30034408F /* APIBitCoinUITests */,
				D8ADF8F42965DFB10034408F /* Products */,
			);
			sourceTree = "<group>";
		};
		D8ADF8F42965DFB10034408F /* Products */ = {
			isa = PBXGroup;
			children = (
				D8ADF8F32965DFB10034408F /* APIBitCoin.app */,
				D8ADF9092965DFB30034408F /* APIBitCoinTests.xctest */,
				D8ADF9132965DFB30034408F /* APIBitCoinUITests.xctest */,
			);
			name = Products;
			sourceTree = "<group>";
		};
		D8ADF8F52965DFB10034408F /* APIBitCoin */ = {
			isa = PBXGroup;
			children = (
				D8ADF9262965EE5E0034408F /* bitcoin.png */,
				D8ADF8F62965DFB10034408F /* AppDelegate.swift */,
				D8ADF8F82965DFB10034408F /* SceneDelegate.swift */,
				D8ADF8FA2965DFB10034408F /* ViewController.swift */,
				D8ADF8FC2965DFB10034408F /* Main.storyboard */,
				D8ADF8FF2965DFB30034408F /* Assets.xcassets */,
				D8ADF9012965DFB30034408F /* LaunchScreen.storyboard */,
				D8ADF9042965DFB30034408F /* Info.plist */,
			);
			path = APIBitCoin;
			sourceTree = "<group>";
		};
		D8ADF90C2965DFB30034408F /* APIBitCoinTests */ = {
			isa = PBXGroup;
			children = (
				D8ADF90D2965DFB30034408F /* APIBitCoinTests.swift */,
			);
			path = APIBitCoinTests;
			sourceTree = "<group>";
		};
		D8ADF9162965DFB30034408F /* APIBitCoinUITests */ = {
			isa = PBXGroup;
			children = (
				D8ADF9172965DFB30034408F /* APIBitCoinUITests.swift */,
				D8ADF9192965DFB30034408F /* APIBitCoinUITestsLaunchTests.swift */,
			);
			path = APIBitCoinUITests;
			sourceTree = "<group>";
		};
/* End PBXGroup section */

/* Begin PBXNativeTarget section */
		D8ADF8F22965DFB10034408F /* APIBitCoin */ = {
			isa = PBXNativeTarget;
			buildConfigurationList = D8ADF91D2965DFB30034408F /* Build configuration list for PBXNativeTarget "APIBitCoin" */;
			buildPhases = (
				D8ADF8EF2965DFB10034408F /* Sources */,
				D8ADF8F02965DFB10034408F /* Frameworks */,
				D8ADF8F12965DFB10034408F /* Resources */,
			);
			buildRules = (
			);
			dependencies = (
			);
			name = APIBitCoin;
			productName = APIBitCoin;
			productReference = D8ADF8F32965DFB10034408F /* APIBitCoin.app */;
			productType = "com.apple.product-type.application";
		};
		D8ADF9082965DFB30034408F /* APIBitCoinTests */ = {
			isa = PBXNativeTarget;
			buildConfigurationList = D8ADF9202965DFB30034408F /* Build configuration list for PBXNativeTarget "APIBitCoinTests" */;
			buildPhases = (
				D8ADF9052965DFB30034408F /* Sources */,
				D8ADF9062965DFB30034408F /* Frameworks */,
				D8ADF9072965DFB30034408F /* Resources */,
			);
			buildRules = (
			);
			dependencies = (
				D8ADF90B2965DFB30034408F /* PBXTargetDependency */,
			);
			name = APIBitCoinTests;
			productName = APIBitCoinTests;
			productReference = D8ADF9092965DFB30034408F /* APIBitCoinTests.xctest */;
			productType = "com.apple.product-type.bundle.unit-test";
		};
		D8ADF9122965DFB30034408F /* APIBitCoinUITests */ = {
			isa = PBXNativeTarget;
			buildConfigurationList = D8ADF9232965DFB30034408F /* Build configuration list for PBXNativeTarget "APIBitCoinUITests" */;
			buildPhases = (
				D8ADF90F2965DFB30034408F /* Sources */,
				D8ADF9102965DFB30034408F /* Frameworks */,
				D8ADF9112965DFB30034408F /* Resources */,
			);
			buildRules = (
			);
			dependencies = (
				D8ADF9152965DFB30034408F /* PBXTargetDependency */,
			);
			name = APIBitCoinUITests;
			productName = APIBitCoinUITests;
			productReference = D8ADF9132965DFB30034408F /* APIBitCoinUITests.xctest */;
			productType = "com.apple.product-type.bundle.ui-testing";
		};
/* End PBXNativeTarget section */

/* Begin PBXProject section */
		D8ADF8EB2965DFB10034408F /* Project object */ = {
			isa = PBXProject;
			attributes = {
				BuildIndependentTargetsInParallel = 1;
				LastSwiftUpdateCheck = 1420;
				LastUpgradeCheck = 1420;
				TargetAttributes = {
					D8ADF8F22965DFB10034408F = {
						CreatedOnToolsVersion = 14.2;
					};
					D8ADF9082965DFB30034408F = {
						CreatedOnToolsVersion = 14.2;
						TestTargetID = D8ADF8F22965DFB10034408F;
					};
					D8ADF9122965DFB30034408F = {
						CreatedOnToolsVersion = 14.2;
						TestTargetID = D8ADF8F22965DFB10034408F;
					};
				};
			};
			buildConfigurationList = D8ADF8EE2965DFB10034408F /* Build configuration list for PBXProject "APIBitCoin" */;
			compatibilityVersion = "Xcode 14.0";
			developmentRegion = en;
			hasScannedForEncodings = 0;
			knownRegions = (
				en,
				Base,
			);
			mainGroup = D8ADF8EA2965DFB10034408F;
			productRefGroup = D8ADF8F42965DFB10034408F /* Products */;
			projectDirPath = "";
			projectRoot = "";
			targets = (
				D8ADF8F22965DFB10034408F /* APIBitCoin */,
				D8ADF9082965DFB30034408F /* APIBitCoinTests */,
				D8ADF9122965DFB30034408F /* APIBitCoinUITests */,
			);
		};
/* End PBXProject section */

/* Begin PBXResourcesBuildPhase section */
		D8ADF8F12965DFB10034408F /* Resources */ = {
			isa = PBXResourcesBuildPhase;
			buildActionMask = 2147483647;
			files = (
				D8ADF9032965DFB30034408F /* LaunchScreen.storyboard in Resources */,
				D8ADF9002965DFB30034408F /* Assets.xcassets in Resources */,
				D8ADF9272965EE5E0034408F /* bitcoin.png in Resources */,
				D8ADF8FE2965DFB10034408F /* Main.storyboard in Resources */,
			);
			runOnlyForDeploymentPostprocessing = 0;
		};
		D8ADF9072965DFB30034408F /* Resources */ = {
			isa = PBXResourcesBuildPhase;
			buildActionMask = 2147483647;
			files = (
			);
			runOnlyForDeploymentPostprocessing = 0;
		};
		D8ADF9112965DFB30034408F /* Resources */ = {
			isa = PBXResourcesBuildPhase;
			buildActionMask = 2147483647;
			files = (
			);
			runOnlyForDeploymentPostprocessing = 0;
		};
/* End PBXResourcesBuildPhase section */

/* Begin PBXSourcesBuildPhase section */
		D8ADF8EF2965DFB10034408F /* Sources */ = {
			isa = PBXSourcesBuildPhase;
			buildActionMask = 2147483647;
			files = (
				D8ADF8FB2965DFB10034408F /* ViewController.swift in Sources */,
				D8ADF8F72965DFB10034408F /* AppDelegate.swift in Sources */,
				D8ADF8F92965DFB10034408F /* SceneDelegate.swift in Sources */,
			);
			runOnlyForDeploymentPostprocessing = 0;
		};
		D8ADF9052965DFB30034408F /* Sources */ = {
			isa = PBXSourcesBuildPhase;
			buildActionMask = 2147483647;
			files = (
				D8ADF90E2965DFB30034408F /* APIBitCoinTests.swift in Sources */,
			);
			runOnlyForDeploymentPostprocessing = 0;
		};
		D8ADF90F2965DFB30034408F /* Sources */ = {
			isa = PBXSourcesBuildPhase;
			buildActionMask = 2147483647;
			files = (
				D8ADF91A2965DFB30034408F /* APIBitCoinUITestsLaunchTests.swift in Sources */,
				D8ADF9182965DFB30034408F /* APIBitCoinUITests.swift in Sources */,
			);
			runOnlyForDeploymentPostprocessing = 0;
		};
/* End PBXSourcesBuildPhase section */

/* Begin PBXTargetDependency section */
		D8ADF90B2965DFB30034408F /* PBXTargetDependency */ = {
			isa = PBXTargetDependency;
			target = D8ADF8F22965DFB10034408F /* APIBitCoin */;
			targetProxy = D8ADF90A2965DFB30034408F /* PBXContainerItemProxy */;
		};
		D8ADF9152965DFB30034408F /* PBXTargetDependency */ = {
			isa = PBXTargetDependency;
			target = D8ADF8F22965DFB10034408F /* APIBitCoin */;
			targetProxy = D8ADF9142965DFB30034408F /* PBXContainerItemProxy */;
		};
/* End PBXTargetDependency section */

/* Begin PBXVariantGroup section */
		D8ADF8FC2965DFB10034408F /* Main.storyboard */ = {
			isa = PBXVariantGroup;
			children = (
				D8ADF8FD2965DFB10034408F /* Base */,
			);
			name = Main.storyboard;
			sourceTree = "<group>";
		};
		D8ADF9012965DFB30034408F /* LaunchScreen.storyboard */ = {
			isa = PBXVariantGroup;
			children = (
				D8ADF9022965DFB30034408F /* Base */,
			);
			name = LaunchScreen.storyboard;
			sourceTree = "<group>";
		};
/* End PBXVariantGroup section */

/* Begin XCBuildConfiguration section */
		D8ADF91B2965DFB30034408F /* Debug */ = {
			isa = XCBuildConfiguration;
			buildSettings = {
				ALWAYS_SEARCH_USER_PATHS = NO;
				CLANG_ANALYZER_NONNULL = YES;
				CLANG_ANALYZER_NUMBER_OBJECT_CONVERSION = YES_AGGRESSIVE;
				CLANG_CXX_LANGUAGE_STANDARD = "gnu++20";
				CLANG_ENABLE_MODULES = YES;
				CLANG_ENABLE_OBJC_ARC = YES;
				CLANG_ENABLE_OBJC_WEAK = YES;
				CLANG_WARN_BLOCK_CAPTURE_AUTORELEASING = YES;
				CLANG_WARN_BOOL_CONVERSION = YES;
				CLANG_WARN_COMMA = YES;
				CLANG_WARN_CONSTANT_CONVERSION = YES;
				CLANG_WARN_DEPRECATED_OBJC_IMPLEMENTATIONS = YES;
				CLANG_WARN_DIRECT_OBJC_ISA_USAGE = YES_ERROR;
				CLANG_WARN_DOCUMENTATION_COMMENTS = YES;
				CLANG_WARN_EMPTY_BODY = YES;
				CLANG_WARN_ENUM_CONVERSION = YES;
				CLANG_WARN_INFINITE_RECURSION = YES;
				CLANG_WARN_INT_CONVERSION = YES;
				CLANG_WARN_NON_LITERAL_NULL_CONVERSION = YES;
				CLANG_WARN_OBJC_IMPLICIT_RETAIN_SELF = YES;
				CLANG_WARN_OBJC_LITERAL_CONVERSION = YES;
				CLANG_WARN_OBJC_ROOT_CLASS = YES_ERROR;
				CLANG_WARN_QUOTED_INCLUDE_IN_FRAMEWORK_HEADER = YES;
				CLANG_WARN_RANGE_LOOP_ANALYSIS = YES;
				CLANG_WARN_STRICT_PROTOTYPES = YES;
				CLANG_WARN_SUSPICIOUS_MOVE = YES;
				CLANG_WARN_UNGUARDED_AVAILABILITY = YES_AGGRESSIVE;
				CLANG_WARN_UNREACHABLE_CODE = YES;
				CLANG_WARN__DUPLICATE_METHOD_MATCH = YES;
				COPY_PHASE_STRIP = NO;
				DEBUG_INFORMATION_FORMAT = dwarf;
				ENABLE_STRICT_OBJC_MSGSEND = YES;
				ENABLE_TESTABILITY = YES;
				GCC_C_LANGUAGE_STANDARD = gnu11;
				GCC_DYNAMIC_NO_PIC = NO;
				GCC_NO_COMMON_BLOCKS = YES;
				GCC_OPTIMIZATION_LEVEL = 0;
				GCC_PREPROCESSOR_DEFINITIONS = (
					"DEBUG=1",
					"$(inherited)",
				);
				GCC_WARN_64_TO_32_BIT_CONVERSION = YES;
				GCC_WARN_ABOUT_RETURN_TYPE = YES_ERROR;
				GCC_WARN_UNDECLARED_SELECTOR = YES;
				GCC_WARN_UNINITIALIZED_AUTOS = YES_AGGRESSIVE;
				GCC_WARN_UNUSED_FUNCTION = YES;
				GCC_WARN_UNUSED_VARIABLE = YES;
				IPHONEOS_DEPLOYMENT_TARGET = 16.2;
				MTL_ENABLE_DEBUG_INFO = INCLUDE_SOURCE;
				MTL_FAST_MATH = YES;
				ONLY_ACTIVE_ARCH = YES;
				SDKROOT = iphoneos;
				SWIFT_ACTIVE_COMPILATION_CONDITIONS = DEBUG;
				SWIFT_OPTIMIZATION_LEVEL = "-Onone";
			};
			name = Debug;
		};
		D8ADF91C2965DFB30034408F /* Release */ = {
			isa = XCBuildConfiguration;
			buildSettings = {
				ALWAYS_SEARCH_USER_PATHS = NO;
				CLANG_ANALYZER_NONNULL = YES;
				CLANG_ANALYZER_NUMBER_OBJECT_CONVERSION = YES_AGGRESSIVE;
				CLANG_CXX_LANGUAGE_STANDARD = "gnu++20";
				CLANG_ENABLE_MODULES = YES;
				CLANG_ENABLE_OBJC_ARC = YES;
				CLANG_ENABLE_OBJC_WEAK = YES;
				CLANG_WARN_BLOCK_CAPTURE_AUTORELEASING = YES;
				CLANG_WARN_BOOL_CONVERSION = YES;
				CLANG_WARN_COMMA = YES;
				CLANG_WARN_CONSTANT_CONVERSION = YES;
				CLANG_WARN_DEPRECATED_OBJC_IMPLEMENTATIONS = YES;
				CLANG_WARN_DIRECT_OBJC_ISA_USAGE = YES_ERROR;
				CLANG_WARN_DOCUMENTATION_COMMENTS = YES;
				CLANG_WARN_EMPTY_BODY = YES;
				CLANG_WARN_ENUM_CONVERSION = YES;
				CLANG_WARN_INFINITE_RECURSION = YES;
				CLANG_WARN_INT_CONVERSION = YES;
				CLANG_WARN_NON_LITERAL_NULL_CONVERSION = YES;
				CLANG_WARN_OBJC_IMPLICIT_RETAIN_SELF = YES;
				CLANG_WARN_OBJC_LITERAL_CONVERSION = YES;
				CLANG_WARN_OBJC_ROOT_CLASS = YES_ERROR;
				CLANG_WARN_QUOTED_INCLUDE_IN_FRAMEWORK_HEADER = YES;
				CLANG_WARN_RANGE_LOOP_ANALYSIS = YES;
				CLANG_WARN_STRICT_PROTOTYPES = YES;
				CLANG_WARN_SUSPICIOUS_MOVE = YES;
				CLANG_WARN_UNGUARDED_AVAILABILITY = YES_AGGRESSIVE;
				CLANG_WARN_UNREACHABLE_CODE = YES;
				CLANG_WARN__DUPLICATE_METHOD_MATCH = YES;
				COPY_PHASE_STRIP = NO;
				DEBUG_INFORMATION_FORMAT = "dwarf-with-dsym";
				ENABLE_NS_ASSERTIONS = NO;
				ENABLE_STRICT_OBJC_MSGSEND = YES;
				GCC_C_LANGUAGE_STANDARD = gnu11;
				GCC_NO_COMMON_BLOCKS = YES;
				GCC_WARN_64_TO_32_BIT_CONVERSION = YES;
				GCC_WARN_ABOUT_RETURN_TYPE = YES_ERROR;
				GCC_WARN_UNDECLARED_SELECTOR = YES;
				GCC_WARN_UNINITIALIZED_AUTOS = YES_AGGRESSIVE;
				GCC_WARN_UNUSED_FUNCTION = YES;
				GCC_WARN_UNUSED_VARIABLE = YES;
				IPHONEOS_DEPLOYMENT_TARGET = 16.2;
				MTL_ENABLE_DEBUG_INFO = NO;
				MTL_FAST_MATH = YES;
				SDKROOT = iphoneos;
				SWIFT_COMPILATION_MODE = wholemodule;
				SWIFT_OPTIMIZATION_LEVEL = "-O";
				VALIDATE_PRODUCT = YES;
			};
			name = Release;
		};
		D8ADF91E2965DFB30034408F /* Debug */ = {
			isa = XCBuildConfiguration;
			buildSettings = {
				ASSETCATALOG_COMPILER_APPICON_NAME = AppIcon;
				ASSETCATALOG_COMPILER_GLOBAL_ACCENT_COLOR_NAME = AccentColor;
				CODE_SIGN_STYLE = Automatic;
				CURRENT_PROJECT_VERSION = 1;
				GENERATE_INFOPLIST_FILE = YES;
				INFOPLIST_FILE = APIBitCoin/Info.plist;
				INFOPLIST_KEY_UIApplicationSupportsIndirectInputEvents = YES;
				INFOPLIST_KEY_UILaunchStoryboardName = LaunchScreen;
				INFOPLIST_KEY_UIMainStoryboardFile = Main;
				INFOPLIST_KEY_UISupportedInterfaceOrientations_iPad = "UIInterfaceOrientationPortrait UIInterfaceOrientationPortraitUpsideDown UIInterfaceOrientationLandscapeLeft UIInterfaceOrientationLandscapeRight";
				INFOPLIST_KEY_UISupportedInterfaceOrientations_iPhone = "UIInterfaceOrientationPortrait UIInterfaceOrientationLandscapeLeft UIInterfaceOrientationLandscapeRight";
				LD_RUNPATH_SEARCH_PATHS = (
					"$(inherited)",
					"@executable_path/Frameworks",
				);
				MARKETING_VERSION = 1.0;
				PRODUCT_BUNDLE_IDENTIFIER = rethink.APIBitCoin;
				PRODUCT_NAME = "$(TARGET_NAME)";
				SWIFT_EMIT_LOC_STRINGS = YES;
				SWIFT_VERSION = 5.0;
				TARGETED_DEVICE_FAMILY = "1,2";
			};
			name = Debug;
		};
		D8ADF91F2965DFB30034408F /* Release */ = {
			isa = XCBuildConfiguration;
			buildSettings = {
				ASSETCATALOG_COMPILER_APPICON_NAME = AppIcon;
				ASSETCATALOG_COMPILER_GLOBAL_ACCENT_COLOR_NAME = AccentColor;
				CODE_SIGN_STYLE = Automatic;
				CURRENT_PROJECT_VERSION = 1;
				GENERATE_INFOPLIST_FILE = YES;
				INFOPLIST_FILE = APIBitCoin/Info.plist;
				INFOPLIST_KEY_UIApplicationSupportsIndirectInputEvents = YES;
				INFOPLIST_KEY_UILaunchStoryboardName = LaunchScreen;
				INFOPLIST_KEY_UIMainStoryboardFile = Main;
				INFOPLIST_KEY_UISupportedInterfaceOrientations_iPad = "UIInterfaceOrientationPortrait UIInterfaceOrientationPortraitUpsideDown UIInterfaceOrientationLandscapeLeft UIInterfaceOrientationLandscapeRight";
				INFOPLIST_KEY_UISupportedInterfaceOrientations_iPhone = "UIInterfaceOrientationPortrait UIInterfaceOrientationLandscapeLeft UIInterfaceOrientationLandscapeRight";
				LD_RUNPATH_SEARCH_PATHS = (
					"$(inherited)",
					"@executable_path/Frameworks",
				);
				MARKETING_VERSION = 1.0;
				PRODUCT_BUNDLE_IDENTIFIER = rethink.APIBitCoin;
				PRODUCT_NAME = "$(TARGET_NAME)";
				SWIFT_EMIT_LOC_STRINGS = YES;
				SWIFT_VERSION = 5.0;
				TARGETED_DEVICE_FAMILY = "1,2";
			};
			name = Release;
		};
		D8ADF9212965DFB30034408F /* Debug */ = {
			isa = XCBuildConfiguration;
			buildSettings = {
				ALWAYS_EMBED_SWIFT_STANDARD_LIBRARIES = YES;
				BUNDLE_LOADER = "$(TEST_HOST)";
				CODE_SIGN_STYLE = Automatic;
				CURRENT_PROJECT_VERSION = 1;
				GENERATE_INFOPLIST_FILE = YES;
				IPHONEOS_DEPLOYMENT_TARGET = 16.2;
				MARKETING_VERSION = 1.0;
				PRODUCT_BUNDLE_IDENTIFIER = rethink.APIBitCoinTests;
				PRODUCT_NAME = "$(TARGET_NAME)";
				SWIFT_EMIT_LOC_STRINGS = NO;
				SWIFT_VERSION = 5.0;
				TARGETED_DEVICE_FAMILY = "1,2";
				TEST_HOST = "$(BUILT_PRODUCTS_DIR)/APIBitCoin.app/$(BUNDLE_EXECUTABLE_FOLDER_PATH)/APIBitCoin";
			};
			name = Debug;
		};
		D8ADF9222965DFB30034408F /* Release */ = {
			isa = XCBuildConfiguration;
			buildSettings = {
				ALWAYS_EMBED_SWIFT_STANDARD_LIBRARIES = YES;
				BUNDLE_LOADER = "$(TEST_HOST)";
				CODE_SIGN_STYLE = Automatic;
				CURRENT_PROJECT_VERSION = 1;
				GENERATE_INFOPLIST_FILE = YES;
				IPHONEOS_DEPLOYMENT_TARGET = 16.2;
				MARKETING_VERSION = 1.0;
				PRODUCT_BUNDLE_IDENTIFIER = rethink.APIBitCoinTests;
				PRODUCT_NAME = "$(TARGET_NAME)";
				SWIFT_EMIT_LOC_STRINGS = NO;
				SWIFT_VERSION = 5.0;
				TARGETED_DEVICE_FAMILY = "1,2";
				TEST_HOST = "$(BUILT_PRODUCTS_DIR)/APIBitCoin.app/$(BUNDLE_EXECUTABLE_FOLDER_PATH)/APIBitCoin";
			};
			name = Release;
		};
		D8ADF9242965DFB30034408F /* Debug */ = {
			isa = XCBuildConfiguration;
			buildSettings = {
				ALWAYS_EMBED_SWIFT_STANDARD_LIBRARIES = YES;
				CODE_SIGN_STYLE = Automatic;
				CURRENT_PROJECT_VERSION = 1;
				GENERATE_INFOPLIST_FILE = YES;
				MARKETING_VERSION = 1.0;
				PRODUCT_BUNDLE_IDENTIFIER = rethink.APIBitCoinUITests;
				PRODUCT_NAME = "$(TARGET_NAME)";
				SWIFT_EMIT_LOC_STRINGS = NO;
				SWIFT_VERSION = 5.0;
				TARGETED_DEVICE_FAMILY = "1,2";
				TEST_TARGET_NAME = APIBitCoin;
			};
			name = Debug;
		};
		D8ADF9252965DFB30034408F /* Release */ = {
			isa = XCBuildConfiguration;
			buildSettings = {
				ALWAYS_EMBED_SWIFT_STANDARD_LIBRARIES = YES;
				CODE_SIGN_STYLE = Automatic;
				CURRENT_PROJECT_VERSION = 1;
				GENERATE_INFOPLIST_FILE = YES;
				MARKETING_VERSION = 1.0;
				PRODUCT_BUNDLE_IDENTIFIER = rethink.APIBitCoinUITests;
				PRODUCT_NAME = "$(TARGET_NAME)";
				SWIFT_EMIT_LOC_STRINGS = NO;
				SWIFT_VERSION = 5.0;
				TARGETED_DEVICE_FAMILY = "1,2";
				TEST_TARGET_NAME = APIBitCoin;
			};
			name = Release;
		};
/* End XCBuildConfiguration section */

/* Begin XCConfigurationList section */
		D8ADF8EE2965DFB10034408F /* Build configuration list for PBXProject "APIBitCoin" */ = {
			isa = XCConfigurationList;
			buildConfigurations = (
				D8ADF91B2965DFB30034408F /* Debug */,
				D8ADF91C2965DFB30034408F /* Release */,
			);
			defaultConfigurationIsVisible = 0;
			defaultConfigurationName = Release;
		};
		D8ADF91D2965DFB30034408F /* Build configuration list for PBXNativeTarget "APIBitCoin" */ = {
			isa = XCConfigurationList;
			buildConfigurations = (
				D8ADF91E2965DFB30034408F /* Debug */,
				D8ADF91F2965DFB30034408F /* Release */,
			);
			defaultConfigurationIsVisible = 0;
			defaultConfigurationName = Release;
		};
		D8ADF9202965DFB30034408F /* Build configuration list for PBXNativeTarget "APIBitCoinTests" */ = {
			isa = XCConfigurationList;
			buildConfigurations = (
				D8ADF9212965DFB30034408F /* Debug */,
				D8ADF9222965DFB30034408F /* Release */,
			);
			defaultConfigurationIsVisible = 0;
			defaultConfigurationName = Release;
		};
		D8ADF9232965DFB30034408F /* Build configuration list for PBXNativeTarget "APIBitCoinUITests" */ = {
			isa = XCConfigurationList;
			buildConfigurations = (
				D8ADF9242965DFB30034408F /* Debug */,
				D8ADF9252965DFB30034408F /* Release */,
			);
			defaultConfigurationIsVisible = 0;
			defaultConfigurationName = Release;
		};
/* End XCConfigurationList section */
	};
	rootObject = D8ADF8EB2965DFB10034408F /* Project object */;
}
